
Microsoft Visual Studio Solution File, Format Version 12.00
# Visual Studio 15
VisualStudioVersion = 15.0.28307.271
MinimumVisualStudioVersion = 10.0.40219.1
Project("{FAE04EC0-301F-11D3-BF4B-00C04F79EFBC}") = "App7.Android", "App7\App7.Android\App7.Android.csproj", "{CDA34505-9DEF-49ED-9EC7-69C9D5337716}"
EndProject
Project("{FAE04EC0-301F-11D3-BF4B-00C04F79EFBC}") = "App7.iOS", "App7\App7.iOS\App7.iOS.csproj", "{CD0372DB-2064-48A4-8ACE-8FBE6994C421}"
EndProject
Project("{FAE04EC0-301F-11D3-BF4B-00C04F79EFBC}") = "App7", "App7\App7\App7.csproj", "{B9634B32-64F7-431A-AE6D-50E8D1299F83}"
EndProject
Global
	GlobalSection(SolutionConfigurationPlatforms) = preSolution
		Ad-Hoc|Any CPU = Ad-Hoc|Any CPU
		Ad-Hoc|iPhone = Ad-Hoc|iPhone
		Ad-Hoc|iPhoneSimulator = Ad-Hoc|iPhoneSimulator
		AppStore|Any CPU = AppStore|Any CPU
		AppStore|iPhone = AppStore|iPhone
		AppStore|iPhoneSimulator = AppStore|iPhoneSimulator
		Debug|Any CPU = Debug|Any CPU
		Debug|iPhone = Debug|iPhone
		Debug|iPhoneSimulator = Debug|iPhoneSimulator
		Release|Any CPU = Release|Any CPU
		Release|iPhone = Release|iPhone
		Release|iPhoneSimulator = Release|iPhoneSimulator
	EndGlobalSection
	GlobalSection(ProjectConfigurationPlatforms) = postSolution
		{CDA34505-9DEF-49ED-9EC7-69C9D5337716}.Ad-Hoc|Any CPU.ActiveCfg = Release|Any CPU
		{CDA34505-9DEF-49ED-9EC7-69C9D5337716}.Ad-Hoc|Any CPU.Build.0 = Release|Any CPU
		{CDA34505-9DEF-49ED-9EC7-69C9D5337716}.Ad-Hoc|Any CPU.Deploy.0 = Release|Any CPU
		{CDA34505-9DEF-49ED-9EC7-69C9D5337716}.Ad-Hoc|iPhone.ActiveCfg = Release|Any CPU
		{CDA34505-9DEF-49ED-9EC7-69C9D5337716}.Ad-Hoc|iPhone.Build.0 = Release|Any CPU
		{CDA34505-9DEF-49ED-9EC7-69C9D5337716}.Ad-Hoc|iPhone.Deploy.0 = Release|Any CPU
		{CDA34505-9DEF-49ED-9EC7-69C9D5337716}.Ad-Hoc|iPhoneSimulator.ActiveCfg = Release|Any CPU
		{CDA34505-9DEF-49ED-9EC7-69C9D5337716}.Ad-Hoc|iPhoneSimulator.Build.0 = Release|Any CPU
		{CDA34505-9DEF-49ED-9EC7-69C9D5337716}.Ad-Hoc|iPhoneSimulator.Deploy.0 = Release|Any CPU
		{CDA34505-9DEF-49ED-9EC7-69C9D5337716}.AppStore|Any CPU.ActiveCfg = Release|Any CPU
		{CDA34505-9DEF-49ED-9EC7-69C9D5337716}.AppStore|Any CPU.Build.0 = Release|Any CPU
		{CDA34505-9DEF-49ED-9EC7-69C9D5337716}.AppStore|Any CPU.Deploy.0 = Release|Any CPU
		{CDA34505-9DEF-49ED-9EC7-69C9D5337716}.AppStore|iPhone.ActiveCfg = Release|Any CPU
		{CDA34505-9DEF-49ED-9EC7-69C9D5337716}.AppStore|iPhone.Build.0 = Release|Any CPU
		{CDA34505-9DEF-49ED-9EC7-69C9D5337716}.AppStore|iPhone.Deploy.0 = Release|Any CPU
		{CDA34505-9DEF-49ED-9EC7-69C9D5337716}.AppStore|iPhoneSimulator.ActiveCfg = Release|Any CPU
		{CDA34505-9DEF-49ED-9EC7-69C9D5337716}.AppStore|iPhoneSimulator.Build.0 = Release|Any CPU
		{CDA34505-9DEF-49ED-9EC7-69C9D5337716}.AppStore|iPhoneSimulator.Deploy.0 = Release|Any CPU
		{CDA34505-9DEF-49ED-9EC7-69C9D5337716}.Debug|Any CPU.ActiveCfg = Debug|Any CPU
		{CDA34505-9DEF-49ED-9EC7-69C9D5337716}.Debug|Any CPU.Build.0 = Debug|Any CPU
		{CDA34505-9DEF-49ED-9EC7-69C9D5337716}.Debug|Any CPU.Deploy.0 = Debug|Any CPU
		{CDA34505-9DEF-49ED-9EC7-69C9D5337716}.Debug|iPhone.ActiveCfg = Debug|Any CPU
		{CDA34505-9DEF-49ED-9EC7-69C9D5337716}.Debug|iPhone.Build.0 = Debug|Any CPU
		{CDA34505-9DEF-49ED-9EC7-69C9D5337716}.Debug|iPhone.Deploy.0 = Debug|Any CPU
		{CDA34505-9DEF-49ED-9EC7-69C9D5337716}.Debug|iPhoneSimulator.ActiveCfg = Debug|Any CPU
		{CDA34505-9DEF-49ED-9EC7-69C9D5337716}.Debug|iPhoneSimulator.Build.0 = Debug|Any CPU
		{CDA34505-9DEF-49ED-9EC7-69C9D5337716}.Debug|iPhoneSimulator.Deploy.0 = Debug|Any CPU
		{CDA34505-9DEF-49ED-9EC7-69C9D5337716}.Release|Any CPU.ActiveCfg = Release|Any CPU
		{CDA34505-9DEF-49ED-9EC7-69C9D5337716}.Release|Any CPU.Build.0 = Release|Any CPU
		{CDA34505-9DEF-49ED-9EC7-69C9D5337716}.Release|Any CPU.Deploy.0 = Release|Any CPU
		{CDA34505-9DEF-49ED-9EC7-69C9D5337716}.Release|iPhone.ActiveCfg = Release|Any CPU
		{CDA34505-9DEF-49ED-9EC7-69C9D5337716}.Release|iPhone.Build.0 = Release|Any CPU
		{CDA34505-9DEF-49ED-9EC7-69C9D5337716}.Release|iPhone.Deploy.0 = Release|Any CPU
		{CDA34505-9DEF-49ED-9EC7-69C9D5337716}.Release|iPhoneSimulator.ActiveCfg = Release|Any CPU
		{CDA34505-9DEF-49ED-9EC7-69C9D5337716}.Release|iPhoneSimulator.Build.0 = Release|Any CPU
		{CDA34505-9DEF-49ED-9EC7-69C9D5337716}.Release|iPhoneSimulator.Deploy.0 = Release|Any CPU
		{CD0372DB-2064-48A4-8ACE-8FBE6994C421}.Ad-Hoc|Any CPU.ActiveCfg = Ad-Hoc|iPhone
		{CD0372DB-2064-48A4-8ACE-8FBE6994C421}.Ad-Hoc|Any CPU.Build.0 = Ad-Hoc|iPhone
		{CD0372DB-2064-48A4-8ACE-8FBE6994C421}.Ad-Hoc|Any CPU.Deploy.0 = Ad-Hoc|iPhone
		{CD0372DB-2064-48A4-8ACE-8FBE6994C421}.Ad-Hoc|iPhone.ActiveCfg = Ad-Hoc|iPhone
		{CD0372DB-2064-48A4-8ACE-8FBE6994C421}.Ad-Hoc|iPhone.Build.0 = Ad-Hoc|iPhone
		{CD0372DB-2064-48A4-8ACE-8FBE6994C421}.Ad-Hoc|iPhone.Deploy.0 = Ad-Hoc|iPhone
		{CD0372DB-2064-48A4-8ACE-8FBE6994C421}.Ad-Hoc|iPhoneSimulator.ActiveCfg = Ad-Hoc|iPhoneSimulator
		{CD0372DB-2064-48A4-8ACE-8FBE6994C421}.Ad-Hoc|iPhoneSimulator.Build.0 = Ad-Hoc|iPhoneSimulator
		{CD0372DB-2064-48A4-8ACE-8FBE6994C421}.Ad-Hoc|iPhoneSimulator.Deploy.0 = Ad-Hoc|iPhoneSimulator
		{CD0372DB-2064-48A4-8ACE-8FBE6994C421}.AppStore|Any CPU.ActiveCfg = AppStore|iPhone
		{CD0372DB-2064-48A4-8ACE-8FBE6994C421}.AppStore|Any CPU.Build.0 = AppStore|iPhone
		{CD0372DB-2064-48A4-8ACE-8FBE6994C421}.AppStore|Any CPU.Deploy.0 = AppStore|iPhone
		{CD0372DB-2064-48A4-8ACE-8FBE6994C421}.AppStore|iPhone.ActiveCfg = AppStore|iPhone
		{CD0372DB-2064-48A4-8ACE-8FBE6994C421}.AppStore|iPhone.Build.0 = AppStore|iPhone
		{CD0372DB-2064-48A4-8ACE-8FBE6994C421}.AppStore|iPhone.Deploy.0 = AppStore|iPhone
		{CD0372DB-2064-48A4-8ACE-8FBE6994C421}.AppStore|iPhoneSimulator.ActiveCfg = AppStore|iPhoneSimulator
		{CD0372DB-2064-48A4-8ACE-8FBE6994C421}.AppStore|iPhoneSimulator.Build.0 = AppStore|iPhoneSimulator
		{CD0372DB-2064-48A4-8ACE-8FBE6994C421}.AppStore|iPhoneSimulator.Deploy.0 = AppStore|iPhoneSimulator
		{CD0372DB-2064-48A4-8ACE-8FBE6994C421}.Debug|Any CPU.ActiveCfg = Debug|iPhoneSimulator
		{CD0372DB-2064-48A4-8ACE-8FBE6994C421}.Debug|Any CPU.Build.0 = Debug|iPhoneSimulator
		{CD0372DB-2064-48A4-8ACE-8FBE6994C421}.Debug|Any CPU.Deploy.0 = Debug|iPhoneSimulator
		{CD0372DB-2064-48A4-8ACE-8FBE6994C421}.Debug|iPhone.ActiveCfg = Debug|iPhone
		{CD0372DB-2064-48A4-8ACE-8FBE6994C421}.Debug|iPhone.Build.0 = Debug|iPhone
		{CD0372DB-2064-48A4-8ACE-8FBE6994C421}.Debug|iPhone.Deploy.0 = Debug|iPhone
		{CD0372DB-2064-48A4-8ACE-8FBE6994C421}.Debug|iPhoneSimulator.ActiveCfg = Debug|iPhoneSimulator
		{CD0372DB-2064-48A4-8ACE-8FBE6994C421}.Debug|iPhoneSimulator.Build.0 = Debug|iPhoneSimulator
		{CD0372DB-2064-48A4-8ACE-8FBE6994C421}.Debug|iPhoneSimulator.Deploy.0 = Debug|iPhoneSimulator
		{CD0372DB-2064-48A4-8ACE-8FBE6994C421}.Release|Any CPU.ActiveCfg = Release|iPhone
		{CD0372DB-2064-48A4-8ACE-8FBE6994C421}.Release|Any CPU.Build.0 = Release|iPhone
		{CD0372DB-2064-48A4-8ACE-8FBE6994C421}.Release|Any CPU.Deploy.0 = Release|iPhone
		{CD0372DB-2064-48A4-8ACE-8FBE6994C421}.Release|iPhone.ActiveCfg = Release|iPhone
		{CD0372DB-2064-48A4-8ACE-8FBE6994C421}.Release|iPhone.Build.0 = Release|iPhone
		{CD0372DB-2064-48A4-8ACE-8FBE6994C421}.Release|iPhone.Deploy.0 = Release|iPhone
		{CD0372DB-2064-48A4-8ACE-8FBE6994C421}.Release|iPhoneSimulator.ActiveCfg = Release|iPhoneSimulator
		{CD0372DB-2064-48A4-8ACE-8FBE6994C421}.Release|iPhoneSimulator.Build.0 = Release|iPhoneSimulator
		{CD0372DB-2064-48A4-8ACE-8FBE6994C421}.Release|iPhoneSimulator.Deploy.0 = Release|iPhoneSimulator
		{B9634B32-64F7-431A-AE6D-50E8D1299F83}.Ad-Hoc|Any CPU.ActiveCfg = Debug|Any CPU
		{B9634B32-64F7-431A-AE6D-50E8D1299F83}.Ad-Hoc|Any CPU.Build.0 = Debug|Any CPU
		{B9634B32-64F7-431A-AE6D-50E8D1299F83}.Ad-Hoc|Any CPU.Deploy.0 = Debug|Any CPU
		{B9634B32-64F7-431A-AE6D-50E8D1299F83}.Ad-Hoc|iPhone.ActiveCfg = Debug|Any CPU
		{B9634B32-64F7-431A-AE6D-50E8D1299F83}.Ad-Hoc|iPhone.Build.0 = Debug|Any CPU
		{B9634B32-64F7-431A-AE6D-50E8D1299F83}.Ad-Hoc|iPhone.Deploy.0 = Debug|Any CPU
		{B9634B32-64F7-431A-AE6D-50E8D1299F83}.Ad-Hoc|iPhoneSimulator.ActiveCfg = Debug|Any CPU
		{B9634B32-64F7-431A-AE6D-50E8D1299F83}.Ad-Hoc|iPhoneSimulator.Build.0 = Debug|Any CPU
		{B9634B32-64F7-431A-AE6D-50E8D1299F83}.Ad-Hoc|iPhoneSimulator.Deploy.0 = Debug|Any CPU
		{B9634B32-64F7-431A-AE6D-50E8D1299F83}.AppStore|Any CPU.ActiveCfg = Debug|Any CPU
		{B9634B32-64F7-431A-AE6D-50E8D1299F83}.AppStore|Any CPU.Build.0 = Debug|Any CPU
		{B9634B32-64F7-431A-AE6D-50E8D1299F83}.AppStore|Any CPU.Deploy.0 = Debug|Any CPU
		{B9634B32-64F7-431A-AE6D-50E8D1299F83}.AppStore|iPhone.ActiveCfg = Debug|Any CPU
		{B9634B32-64F7-431A-AE6D-50E8D1299F83}.AppStore|iPhone.Build.0 = Debug|Any CPU
		{B9634B32-64F7-431A-AE6D-50E8D1299F83}.AppStore|iPhone.Deploy.0 = Debug|Any CPU
		{B9634B32-64F7-431A-AE6D-50E8D1299F83}.AppStore|iPhoneSimulator.ActiveCfg = Debug|Any CPU
		{B9634B32-64F7-431A-AE6D-50E8D1299F83}.AppStore|iPhoneSimulator.Build.0 = Debug|Any CPU
		{B9634B32-64F7-431A-AE6D-50E8D1299F83}.AppStore|iPhoneSimulator.Deploy.0 = Debug|Any CPU
		{B9634B32-64F7-431A-AE6D-50E8D1299F83}.Debug|Any CPU.ActiveCfg = Debug|Any CPU
		{B9634B32-64F7-431A-AE6D-50E8D1299F83}.Debug|Any CPU.Build.0 = Debug|Any CPU
		{B9634B32-64F7-431A-AE6D-50E8D1299F83}.Debug|Any CPU.Deploy.0 = Debug|Any CPU
		{B9634B32-64F7-431A-AE6D-50E8D1299F83}.Debug|iPhone.ActiveCfg = Debug|Any CPU
		{B9634B32-64F7-431A-AE6D-50E8D1299F83}.Debug|iPhone.Build.0 = Debug|Any CPU
		{B9634B32-64F7-431A-AE6D-50E8D1299F83}.Debug|iPhone.Deploy.0 = Debug|Any CPU
		{B9634B32-64F7-431A-AE6D-50E8D1299F83}.Debug|iPhoneSimulator.ActiveCfg = Debug|Any CPU
		{B9634B32-64F7-431A-AE6D-50E8D1299F83}.Debug|iPhoneSimulator.Build.0 = Debug|Any CPU
		{B9634B32-64F7-431A-AE6D-50E8D1299F83}.Debug|iPhoneSimulator.Deploy.0 = Debug|Any CPU
		{B9634B32-64F7-431A-AE6D-50E8D1299F83}.Release|Any CPU.ActiveCfg = Release|Any CPU
		{B9634B32-64F7-431A-AE6D-50E8D1299F83}.Release|Any CPU.Build.0 = Release|Any CPU
		{B9634B32-64F7-431A-AE6D-50E8D1299F83}.Release|Any CPU.Deploy.0 = Release|Any CPU
		{B9634B32-64F7-431A-AE6D-50E8D1299F83}.Release|iPhone.ActiveCfg = Release|Any CPU
		{B9634B32-64F7-431A-AE6D-50E8D1299F83}.Release|iPhone.Build.0 = Release|Any CPU
		{B9634B32-64F7-431A-AE6D-50E8D1299F83}.Release|iPhone.Deploy.0 = Release|Any CPU
		{B9634B32-64F7-431A-AE6D-50E8D1299F83}.Release|iPhoneSimulator.ActiveCfg = Release|Any CPU
		{B9634B32-64F7-431A-AE6D-50E8D1299F83}.Release|iPhoneSimulator.Build.0 = Release|Any CPU
		{B9634B32-64F7-431A-AE6D-50E8D1299F83}.Release|iPhoneSimulator.Deploy.0 = Release|Any CPU
	EndGlobalSection
	GlobalSection(SolutionProperties) = preSolution
		HideSolutionNode = FALSE
	EndGlobalSection
	GlobalSection(ExtensibilityGlobals) = postSolution
		SolutionGuid = {8E275AAF-B5EF-4BDF-AACD-3678A2700FB7}
	EndGlobalSection
EndGlobal
